<?xml version="1.0" encoding="utf-8"?>
<Project ToolsVersion="4.0" xmlns="http://schemas.microsoft.com/developer/msbuild/2003">
  <ItemGroup>
    <Filter Include="Quelldateien">
      <UniqueIdentifier>{4FC737F1-C7A5-4376-A066-2A32D752A2FF}</UniqueIdentifier>
      <Extensions>cpp;c;cc;cxx;def;odl;idl;hpj;bat;asm;asmx</Extensions>
    </Filter>
    <Filter Include="Headerdateien">
      <UniqueIdentifier>{93995380-89BD-4b04-88EB-625FBE52EBFB}</UniqueIdentifier>
      <Extensions>h;hh;hpp;hxx;hm;inl;inc;xsd</Extensions>
    </Filter>
    <Filter Include="Ressourcendateien">
      <UniqueIdentifier>{67DA6AB6-F800-4c08-8B7A-83BB121AAD01}</UniqueIdentifier>
      <Extensions>rc;ico;cur;bmp;dlg;rc2;rct;bin;rgs;gif;jpg;jpeg;jpe;resx;tiff;tif;png;wav;mfcribbon-ms</Extensions>
    </Filter>
    <Filter Include="Props">
      <UniqueIdentifier>{72cf39d1-b9b3-4d5c-b939-96be05c9c498}</UniqueIdentifier>
    </Filter>
  </ItemGroup>
  <ItemGroup>
    <ClInclude Include="src\BasicShaders.h">
      <Filter>Headerdateien</Filter>
    </ClInclude>
    <ClInclude Include="src\Bitmap.h">
      <Filter>Headerdateien</Filter>
    </ClInclude>
    <ClInclude Include="src\BufferObject.h">
      <Filter>Headerdateien</Filter>
    </ClInclude>
    <ClInclude Include="src\Camera.h">
      <Filter>Headerdateien</Filter>
    </ClInclude>
    <ClInclude Include="src\Color.h">
      <Filter>Headerdateien</Filter>
    </ClInclude>
    <ClInclude Include="src\DebugShaders.h">
      <Filter>Headerdateien</Filter>
    </ClInclude>
    <ClInclude Include="src\DrawCall.h">
      <Filter>Headerdateien</Filter>
    </ClInclude>
    <ClInclude Include="src\GBuffer.h">
      <Filter>Headerdateien</Filter>
    </ClInclude>
    <ClInclude Include="src\GLError.h">
      <Filter>Headerdateien</Filter>
    </ClInclude>
    <ClInclude Include="src\GridVAO.h">
      <Filter>Headerdateien</Filter>
    </ClInclude>
    <ClInclude Include="src\InstancedVAO.h">
      <Filter>Headerdateien</Filter>
    </ClInclude>
    <ClInclude Include="src\MatrixStack.h">
      <Filter>Headerdateien</Filter>
    </ClInclude>
    <ClInclude Include="src\NoCopy.h">
      <Filter>Headerdateien</Filter>
    </ClInclude>
    <ClInclude Include="src\ObjLoader.h">
      <Filter>Headerdateien</Filter>
    </ClInclude>
    <ClInclude Include="src\Program.h">
      <Filter>Headerdateien</Filter>
    </ClInclude>
    <ClInclude Include="src\QuadVAO.h">
      <Filter>Headerdateien</Filter>
    </ClInclude>
    <ClInclude Include="src\RAIIgl.h">
      <Filter>Headerdateien</Filter>
    </ClInclude>
    <ClInclude Include="src\Shader.h">
      <Filter>Headerdateien</Filter>
    </ClInclude>
    <ClInclude Include="src\ShaderStructs.h">
      <Filter>Headerdateien</Filter>
    </ClInclude>
    <ClInclude Include="src\TriangleMesh.h">
      <Filter>Headerdateien</Filter>
    </ClInclude>
    <ClInclude Include="src\UBO.h">
      <Filter>Headerdateien</Filter>
    </ClInclude>
    <ClInclude Include="src\UniformUtil.h">
      <Filter>Headerdateien</Filter>
    </ClInclude>
    <ClInclude Include="src\VAO.h">
      <Filter>Headerdateien</Filter>
    </ClInclude>
    <ClInclude Include="src\Vec.h">
      <Filter>Headerdateien</Filter>
    </ClInclude>
    <ClInclude Include="src\FBO.h">
      <Filter>Headerdateien</Filter>
    </ClInclude>
    <ClInclude Include="src\Renderbuffer.h">
      <Filter>Headerdateien</Filter>
    </ClInclude>
    <ClInclude Include="src\Texture.h">
      <Filter>Headerdateien</Filter>
    </ClInclude>
  </ItemGroup>
  <ItemGroup>
    <ClCompile Include="src\Bitmap.cpp">
      <Filter>Quelldateien</Filter>
    </ClCompile>
    <ClCompile Include="src\BufferObject.cpp">
      <Filter>Quelldateien</Filter>
    </ClCompile>
    <ClCompile Include="src\Camera.cpp">
      <Filter>Quelldateien</Filter>
    </ClCompile>
    <ClCompile Include="src\Color.cpp">
      <Filter>Quelldateien</Filter>
    </ClCompile>
    <ClCompile Include="src\DrawCall.cpp">
      <Filter>Quelldateien</Filter>
    </ClCompile>
    <ClCompile Include="src\GBuffer.cpp">
      <Filter>Quelldateien</Filter>
    </ClCompile>
    <ClCompile Include="src\GLError.cpp">
      <Filter>Quelldateien</Filter>
    </ClCompile>
    <ClCompile Include="src\GridVAO.cpp">
      <Filter>Quelldateien</Filter>
    </ClCompile>
    <ClCompile Include="src\MatrixStack.cpp">
      <Filter>Quelldateien</Filter>
    </ClCompile>
    <ClCompile Include="src\ObjLoader.cpp">
      <Filter>Quelldateien</Filter>
    </ClCompile>
    <ClCompile Include="src\Program.cpp">
      <Filter>Quelldateien</Filter>
    </ClCompile>
    <ClCompile Include="src\QuadVAO.cpp">
      <Filter>Quelldateien</Filter>
    </ClCompile>
    <ClCompile Include="src\RAIIgl.cpp">
      <Filter>Quelldateien</Filter>
    </ClCompile>
    <ClCompile Include="src\Shader.cpp">
      <Filter>Quelldateien</Filter>
    </ClCompile>
    <ClCompile Include="src\TriangleMesh.cpp">
      <Filter>Quelldateien</Filter>
    </ClCompile>
    <ClCompile Include="src\UniformUtil.cpp">
      <Filter>Quelldateien</Filter>
    </ClCompile>
    <ClCompile Include="src\VAO.cpp">
      <Filter>Quelldateien</Filter>
    </ClCompile>
    <ClCompile Include="src\Vec.cpp">
      <Filter>Quelldateien</Filter>
    </ClCompile>
    <ClCompile Include="src\FBO.cpp">
      <Filter>Quelldateien</Filter>
    </ClCompile>
    <ClCompile Include="src\Renderbuffer.cpp">
      <Filter>Quelldateien</Filter>
    </ClCompile>
    <ClCompile Include="src\Texture.cpp">
      <Filter>Quelldateien</Filter>
    </ClCompile>
  </ItemGroup>
  <ItemGroup>
    <None Include="GLFW_Includes.props">
      <Filter>Props</Filter>
    </None>
    <None Include="OpenGL_Includes.props">
      <Filter>Props</Filter>
    </None>
    <None Include="GLM_Include.props">
      <Filter>Props</Filter>
    </None>
    <None Include="STB_Includes.props">
      <Filter>Props</Filter>
    </None>
    <None Include="src\Preamble.glsl">
      <Filter>Headerdateien</Filter>
    </None>
  </ItemGroup>
</Project>